// !$*UTF8*$!
{
	archiveVersion = 1;
	classes = {
	};
	objectVersion = 50;
	objects = {

/* Begin PBXBuildFile section */
		8D599CBB20E40419003C8A38 /* ProfileViewController.swift in Sources */ = {isa = PBXBuildFile; fileRef = 8D599CBA20E40419003C8A38 /* ProfileViewController.swift */; };
		8DF8F1D020E172210076D892 /* AppDelegate.swift in Sources */ = {isa = PBXBuildFile; fileRef = 8DF8F1CF20E172210076D892 /* AppDelegate.swift */; };
		8DF8F1D220E172210076D892 /* ViewController.swift in Sources */ = {isa = PBXBuildFile; fileRef = 8DF8F1D120E172210076D892 /* ViewController.swift */; };
		8DF8F1D520E172210076D892 /* Main.storyboard in Resources */ = {isa = PBXBuildFile; fileRef = 8DF8F1D320E172210076D892 /* Main.storyboard */; };
		8DF8F1D720E172220076D892 /* Assets.xcassets in Resources */ = {isa = PBXBuildFile; fileRef = 8DF8F1D620E172220076D892 /* Assets.xcassets */; };
		8DF8F1DA20E172220076D892 /* LaunchScreen.storyboard in Resources */ = {isa = PBXBuildFile; fileRef = 8DF8F1D820E172220076D892 /* LaunchScreen.storyboard */; };
		8DF8F1FE20E174A50076D892 /* GoogleService-Info.plist in Resources */ = {isa = PBXBuildFile; fileRef = 8DF8F1FD20E174A50076D892 /* GoogleService-Info.plist */; };
		8DF8F20220E174FA0076D892 /* Podfile in Resources */ = {isa = PBXBuildFile; fileRef = 8DF8F20120E174FA0076D892 /* Podfile */; };
		8DF8F20820E17F390076D892 /* ProfileTableViewController.swift in Sources */ = {isa = PBXBuildFile; fileRef = 8DF8F20720E17F390076D892 /* ProfileTableViewController.swift */; };
		8DF8F20A20E17F590076D892 /* Profile.swift in Sources */ = {isa = PBXBuildFile; fileRef = 8DF8F20920E17F590076D892 /* Profile.swift */; };
		8DF8F20D20E1820C0076D892 /* ProfileTableViewCell.swift in Sources */ = {isa = PBXBuildFile; fileRef = 8DF8F20C20E1820C0076D892 /* ProfileTableViewCell.swift */; };
		8DF8F21320E2A8DB0076D892 /* AddProfileViewController.swift in Sources */ = {isa = PBXBuildFile; fileRef = 8DF8F21220E2A8DB0076D892 /* AddProfileViewController.swift */; };
		FB6CFBB92974D6A3A46EF8A6 /* Pods_passport_challenge.framework in Frameworks */ = {isa = PBXBuildFile; fileRef = 54BE884163146BC7A6F5AB88 /* Pods_passport_challenge.framework */; };
/* End PBXBuildFile section */

/* Begin PBXFileReference section */
		04BCDD49AFA09AD4E303AB5B /* Pods-passport-challengeUITests.debug.xcconfig */ = {isa = PBXFileReference; includeInIndex = 1; lastKnownFileType = text.xcconfig; name = "Pods-passport-challengeUITests.debug.xcconfig"; path = "Pods/Target Support Files/Pods-passport-challengeUITests/Pods-passport-challengeUITests.debug.xcconfig"; sourceTree = "<group>"; };
		29F985ECF5DE521C5C0F9742 /* Pods-passport-challenge.release.xcconfig */ = {isa = PBXFileReference; includeInIndex = 1; lastKnownFileType = text.xcconfig; name = "Pods-passport-challenge.release.xcconfig"; path = "Pods/Target Support Files/Pods-passport-challenge/Pods-passport-challenge.release.xcconfig"; sourceTree = "<group>"; };
		54BE884163146BC7A6F5AB88 /* Pods_passport_challenge.framework */ = {isa = PBXFileReference; explicitFileType = wrapper.framework; includeInIndex = 0; path = Pods_passport_challenge.framework; sourceTree = BUILT_PRODUCTS_DIR; };
		5B3FF5B267CEC565489C07BA /* Pods-passport-challengeUITests.release.xcconfig */ = {isa = PBXFileReference; includeInIndex = 1; lastKnownFileType = text.xcconfig; name = "Pods-passport-challengeUITests.release.xcconfig"; path = "Pods/Target Support Files/Pods-passport-challengeUITests/Pods-passport-challengeUITests.release.xcconfig"; sourceTree = "<group>"; };
		8D599CBA20E40419003C8A38 /* ProfileViewController.swift */ = {isa = PBXFileReference; lastKnownFileType = sourcecode.swift; path = ProfileViewController.swift; sourceTree = "<group>"; };
		8DF8F1CC20E172210076D892 /* passport-challenge.app */ = {isa = PBXFileReference; explicitFileType = wrapper.application; includeInIndex = 0; path = "passport-challenge.app"; sourceTree = BUILT_PRODUCTS_DIR; };
		8DF8F1CF20E172210076D892 /* AppDelegate.swift */ = {isa = PBXFileReference; lastKnownFileType = sourcecode.swift; path = AppDelegate.swift; sourceTree = "<group>"; };
		8DF8F1D120E172210076D892 /* ViewController.swift */ = {isa = PBXFileReference; lastKnownFileType = sourcecode.swift; path = ViewController.swift; sourceTree = "<group>"; };
		8DF8F1D420E172210076D892 /* Base */ = {isa = PBXFileReference; lastKnownFileType = file.storyboard; name = Base; path = Base.lproj/Main.storyboard; sourceTree = "<group>"; };
		8DF8F1D620E172220076D892 /* Assets.xcassets */ = {isa = PBXFileReference; lastKnownFileType = folder.assetcatalog; path = Assets.xcassets; sourceTree = "<group>"; };
		8DF8F1D920E172220076D892 /* Base */ = {isa = PBXFileReference; lastKnownFileType = file.storyboard; name = Base; path = Base.lproj/LaunchScreen.storyboard; sourceTree = "<group>"; };
		8DF8F1DB20E172220076D892 /* Info.plist */ = {isa = PBXFileReference; lastKnownFileType = text.plist.xml; path = Info.plist; sourceTree = "<group>"; };
		8DF8F1FD20E174A50076D892 /* GoogleService-Info.plist */ = {isa = PBXFileReference; fileEncoding = 4; lastKnownFileType = text.plist.xml; path = "GoogleService-Info.plist"; sourceTree = "<group>"; };
		8DF8F20120E174FA0076D892 /* Podfile */ = {isa = PBXFileReference; fileEncoding = 4; lastKnownFileType = text; path = Podfile; sourceTree = "<group>"; xcLanguageSpecificationIdentifier = xcode.lang.ruby; };
		8DF8F20720E17F390076D892 /* ProfileTableViewController.swift */ = {isa = PBXFileReference; lastKnownFileType = sourcecode.swift; path = ProfileTableViewController.swift; sourceTree = "<group>"; };
		8DF8F20920E17F590076D892 /* Profile.swift */ = {isa = PBXFileReference; lastKnownFileType = sourcecode.swift; path = Profile.swift; sourceTree = "<group>"; };
		8DF8F20C20E1820C0076D892 /* ProfileTableViewCell.swift */ = {isa = PBXFileReference; lastKnownFileType = sourcecode.swift; path = ProfileTableViewCell.swift; sourceTree = "<group>"; };
		8DF8F21220E2A8DB0076D892 /* AddProfileViewController.swift */ = {isa = PBXFileReference; lastKnownFileType = sourcecode.swift; path = AddProfileViewController.swift; sourceTree = "<group>"; };
		9E442D262F26569FDF66D942 /* Pods_passport_challengeUITests.framework */ = {isa = PBXFileReference; explicitFileType = wrapper.framework; includeInIndex = 0; path = Pods_passport_challengeUITests.framework; sourceTree = BUILT_PRODUCTS_DIR; };
		B274BD0D32F10D44256BDAED /* Pods_passport_challengeTests.framework */ = {isa = PBXFileReference; explicitFileType = wrapper.framework; includeInIndex = 0; path = Pods_passport_challengeTests.framework; sourceTree = BUILT_PRODUCTS_DIR; };
		D0E8FF77BB89747D23F99CD2 /* Pods-passport-challengeTests.debug.xcconfig */ = {isa = PBXFileReference; includeInIndex = 1; lastKnownFileType = text.xcconfig; name = "Pods-passport-challengeTests.debug.xcconfig"; path = "Pods/Target Support Files/Pods-passport-challengeTests/Pods-passport-challengeTests.debug.xcconfig"; sourceTree = "<group>"; };
		E69CBE2C9B060D9A63995160 /* Pods-passport-challengeTests.release.xcconfig */ = {isa = PBXFileReference; includeInIndex = 1; lastKnownFileType = text.xcconfig; name = "Pods-passport-challengeTests.release.xcconfig"; path = "Pods/Target Support Files/Pods-passport-challengeTests/Pods-passport-challengeTests.release.xcconfig"; sourceTree = "<group>"; };
		E81544F32EFDFC5B791DF960 /* Pods-passport-challenge.debug.xcconfig */ = {isa = PBXFileReference; includeInIndex = 1; lastKnownFileType = text.xcconfig; name = "Pods-passport-challenge.debug.xcconfig"; path = "Pods/Target Support Files/Pods-passport-challenge/Pods-passport-challenge.debug.xcconfig"; sourceTree = "<group>"; };
/* End PBXFileReference section */

/* Begin PBXFrameworksBuildPhase section */
		8DF8F1C920E172210076D892 /* Frameworks */ = {
			isa = PBXFrameworksBuildPhase;
			buildActionMask = 2147483647;
			files = (
				FB6CFBB92974D6A3A46EF8A6 /* Pods_passport_challenge.framework in Frameworks */,
			);
			runOnlyForDeploymentPostprocessing = 0;
		};
/* End PBXFrameworksBuildPhase section */

/* Begin PBXGroup section */
		17AE3C2A9D9E86A4180D06FE /* Pods */ = {
			isa = PBXGroup;
			children = (
				E81544F32EFDFC5B791DF960 /* Pods-passport-challenge.debug.xcconfig */,
				29F985ECF5DE521C5C0F9742 /* Pods-passport-challenge.release.xcconfig */,
				D0E8FF77BB89747D23F99CD2 /* Pods-passport-challengeTests.debug.xcconfig */,
				E69CBE2C9B060D9A63995160 /* Pods-passport-challengeTests.release.xcconfig */,
				04BCDD49AFA09AD4E303AB5B /* Pods-passport-challengeUITests.debug.xcconfig */,
				5B3FF5B267CEC565489C07BA /* Pods-passport-challengeUITests.release.xcconfig */,
			);
			name = Pods;
			sourceTree = "<group>";
		};
		8DF8F1C320E172200076D892 = {
			isa = PBXGroup;
			children = (
				8DF8F20120E174FA0076D892 /* Podfile */,
				8DF8F1CE20E172210076D892 /* passport-challenge */,
				8DF8F1CD20E172210076D892 /* Products */,
				17AE3C2A9D9E86A4180D06FE /* Pods */,
				D29CBE50E0B84813520128EC /* Frameworks */,
			);
			sourceTree = "<group>";
		};
		8DF8F1CD20E172210076D892 /* Products */ = {
			isa = PBXGroup;
			children = (
				8DF8F1CC20E172210076D892 /* passport-challenge.app */,
			);
			name = Products;
			sourceTree = "<group>";
		};
		8DF8F1CE20E172210076D892 /* passport-challenge */ = {
			isa = PBXGroup;
			children = (
				8DF8F20B20E181C00076D892 /* Views */,
				8DF8F20620E17F150076D892 /* Controllers */,
				8DF8F20520E17D6A0076D892 /* Model */,
				8DF8F1FD20E174A50076D892 /* GoogleService-Info.plist */,
				8DF8F1CF20E172210076D892 /* AppDelegate.swift */,
				8DF8F1D320E172210076D892 /* Main.storyboard */,
				8DF8F1D620E172220076D892 /* Assets.xcassets */,
				8DF8F1D820E172220076D892 /* LaunchScreen.storyboard */,
				8DF8F1DB20E172220076D892 /* Info.plist */,
			);
			path = "passport-challenge";
			sourceTree = "<group>";
		};
		8DF8F20520E17D6A0076D892 /* Model */ = {
			isa = PBXGroup;
			children = (
				8DF8F20920E17F590076D892 /* Profile.swift */,
			);
			path = Model;
			sourceTree = "<group>";
		};
		8DF8F20620E17F150076D892 /* Controllers */ = {
			isa = PBXGroup;
			children = (
				8DF8F1D120E172210076D892 /* ViewController.swift */,
				8DF8F20720E17F390076D892 /* ProfileTableViewController.swift */,
				8DF8F21220E2A8DB0076D892 /* AddProfileViewController.swift */,
				8D599CBA20E40419003C8A38 /* ProfileViewController.swift */,
			);
			path = Controllers;
			sourceTree = "<group>";
		};
		8DF8F20B20E181C00076D892 /* Views */ = {
			isa = PBXGroup;
			children = (
				8DF8F20C20E1820C0076D892 /* ProfileTableViewCell.swift */,
			);
			path = Views;
			sourceTree = "<group>";
		};
		D29CBE50E0B84813520128EC /* Frameworks */ = {
			isa = PBXGroup;
			children = (
				54BE884163146BC7A6F5AB88 /* Pods_passport_challenge.framework */,
				B274BD0D32F10D44256BDAED /* Pods_passport_challengeTests.framework */,
				9E442D262F26569FDF66D942 /* Pods_passport_challengeUITests.framework */,
			);
			name = Frameworks;
			sourceTree = "<group>";
		};
/* End PBXGroup section */

/* Begin PBXNativeTarget section */
		8DF8F1CB20E172210076D892 /* passport-challenge */ = {
			isa = PBXNativeTarget;
			buildConfigurationList = 8DF8F1F420E172230076D892 /* Build configuration list for PBXNativeTarget "passport-challenge" */;
			buildPhases = (
				64EDAF85CB921FDED61EB7BD /* [CP] Check Pods Manifest.lock */,
				8DF8F1C820E172210076D892 /* Sources */,
				8DF8F1C920E172210076D892 /* Frameworks */,
				8DF8F1CA20E172210076D892 /* Resources */,
				C08616A580F18D2DCB12DC7B /* [CP] Embed Pods Frameworks */,
			);
			buildRules = (
			);
			dependencies = (
			);
			name = "passport-challenge";
			productName = "passport-challenge";
			productReference = 8DF8F1CC20E172210076D892 /* passport-challenge.app */;
			productType = "com.apple.product-type.application";
		};
/* End PBXNativeTarget section */

/* Begin PBXProject section */
		8DF8F1C420E172200076D892 /* Project object */ = {
			isa = PBXProject;
			attributes = {
				LastSwiftUpdateCheck = 0930;
				LastUpgradeCheck = 0930;
				ORGANIZATIONNAME = "Holt, Robert";
				TargetAttributes = {
					8DF8F1CB20E172210076D892 = {
						CreatedOnToolsVersion = 9.3.1;
					};
				};
			};
			buildConfigurationList = 8DF8F1C720E172200076D892 /* Build configuration list for PBXProject "passport-challenge" */;
			compatibilityVersion = "Xcode 9.3";
			developmentRegion = en;
			hasScannedForEncodings = 0;
			knownRegions = (
				en,
				Base,
			);
			mainGroup = 8DF8F1C320E172200076D892;
			productRefGroup = 8DF8F1CD20E172210076D892 /* Products */;
			projectDirPath = "";
			projectRoot = "";
			targets = (
				8DF8F1CB20E172210076D892 /* passport-challenge */,
			);
		};
/* End PBXProject section */

/* Begin PBXResourcesBuildPhase section */
		8DF8F1CA20E172210076D892 /* Resources */ = {
			isa = PBXResourcesBuildPhase;
			buildActionMask = 2147483647;
			files = (
				8DF8F20220E174FA0076D892 /* Podfile in Resources */,
				8DF8F1DA20E172220076D892 /* LaunchScreen.storyboard in Resources */,
				8DF8F1FE20E174A50076D892 /* GoogleService-Info.plist in Resources */,
				8DF8F1D720E172220076D892 /* Assets.xcassets in Resources */,
				8DF8F1D520E172210076D892 /* Main.storyboard in Resources */,
			);
			runOnlyForDeploymentPostprocessing = 0;
		};
/* End PBXResourcesBuildPhase section */

/* Begin PBXShellScriptBuildPhase section */
		64EDAF85CB921FDED61EB7BD /* [CP] Check Pods Manifest.lock */ = {
			isa = PBXShellScriptBuildPhase;
			buildActionMask = 2147483647;
			files = (
			);
			inputPaths = (
				"${PODS_PODFILE_DIR_PATH}/Podfile.lock",
				"${PODS_ROOT}/Manifest.lock",
			);
			name = "[CP] Check Pods Manifest.lock";
			outputPaths = (
				"$(DERIVED_FILE_DIR)/Pods-passport-challenge-checkManifestLockResult.txt",
			);
			runOnlyForDeploymentPostprocessing = 0;
			shellPath = /bin/sh;
			shellScript = "diff \"${PODS_PODFILE_DIR_PATH}/Podfile.lock\" \"${PODS_ROOT}/Manifest.lock\" > /dev/null\nif [ $? != 0 ] ; then\n    # print error to STDERR\n    echo \"error: The sandbox is not in sync with the Podfile.lock. Run 'pod install' or update your CocoaPods installation.\" >&2\n    exit 1\nfi\n# This output is used by Xcode 'outputs' to avoid re-running this script phase.\necho \"SUCCESS\" > \"${SCRIPT_OUTPUT_FILE_0}\"\n";
			showEnvVarsInLog = 0;
		};
		C08616A580F18D2DCB12DC7B /* [CP] Embed Pods Frameworks */ = {
			isa = PBXShellScriptBuildPhase;
			buildActionMask = 2147483647;
			files = (
			);
			inputPaths = (
				"${SRCROOT}/Pods/Target Support Files/Pods-passport-challenge/Pods-passport-challenge-frameworks.sh",
				"${BUILT_PRODUCTS_DIR}/Alamofire/Alamofire.framework",
				"${BUILT_PRODUCTS_DIR}/AlamofireImage/AlamofireImage.framework",
				"${BUILT_PRODUCTS_DIR}/GTMSessionFetcher/GTMSessionFetcher.framework",
				"${BUILT_PRODUCTS_DIR}/GoogleToolboxForMac/GoogleToolboxForMac.framework",
				"${BUILT_PRODUCTS_DIR}/Kingfisher/Kingfisher.framework",
				"${BUILT_PRODUCTS_DIR}/leveldb-library/leveldb.framework",
				"${BUILT_PRODUCTS_DIR}/nanopb/nanopb.framework",
			);
			name = "[CP] Embed Pods Frameworks";
			outputPaths = (
				"${TARGET_BUILD_DIR}/${FRAMEWORKS_FOLDER_PATH}/Alamofire.framework",
				"${TARGET_BUILD_DIR}/${FRAMEWORKS_FOLDER_PATH}/AlamofireImage.framework",
				"${TARGET_BUILD_DIR}/${FRAMEWORKS_FOLDER_PATH}/GTMSessionFetcher.framework",
				"${TARGET_BUILD_DIR}/${FRAMEWORKS_FOLDER_PATH}/GoogleToolboxForMac.framework",
				"${TARGET_BUILD_DIR}/${FRAMEWORKS_FOLDER_PATH}/Kingfisher.framework",
				"${TARGET_BUILD_DIR}/${FRAMEWORKS_FOLDER_PATH}/leveldb.framework",
				"${TARGET_BUILD_DIR}/${FRAMEWORKS_FOLDER_PATH}/nanopb.framework",
			);
			runOnlyForDeploymentPostprocessing = 0;
			shellPath = /bin/sh;
			shellScript = "\"${SRCROOT}/Pods/Target Support Files/Pods-passport-challenge/Pods-passport-challenge-frameworks.sh\"\n";
			showEnvVarsInLog = 0;
		};
/* End PBXShellScriptBuildPhase section */

/* Begin PBXSourcesBuildPhase section */
		8DF8F1C820E172210076D892 /* Sources */ = {
			isa = PBXSourcesBuildPhase;
			buildActionMask = 2147483647;
			files = (
				8DF8F20820E17F390076D892 /* ProfileTableViewController.swift in Sources */,
				8DF8F20A20E17F590076D892 /* Profile.swift in Sources */,
				8DF8F1D220E172210076D892 /* ViewController.swift in Sources */,
				8DF8F20D20E1820C0076D892 /* ProfileTableViewCell.swift in Sources */,
				8D599CBB20E40419003C8A38 /* ProfileViewController.swift in Sources */,
				8DF8F21320E2A8DB0076D892 /* AddProfileViewController.swift in Sources */,
				8DF8F1D020E172210076D892 /* AppDelegate.swift in Sources */,
			);
			runOnlyForDeploymentPostprocessing = 0;
		};
/* End PBXSourcesBuildPhase section */

/* Begin PBXVariantGroup section */
		8DF8F1D320E172210076D892 /* Main.storyboard */ = {
			isa = PBXVariantGroup;
			children = (
				8DF8F1D420E172210076D892 /* Base */,
			);
			name = Main.storyboard;
			sourceTree = "<group>";
		};
		8DF8F1D820E172220076D892 /* LaunchScreen.storyboard */ = {
			isa = PBXVariantGroup;
			children = (
				8DF8F1D920E172220076D892 /* Base */,
			);
			name = LaunchScreen.storyboard;
			sourceTree = "<group>";
		};
/* End PBXVariantGroup section */

/* Begin XCBuildConfiguration section */
		8DF8F1F220E172230076D892 /* Debug */ = {
			isa = XCBuildConfiguration;
			buildSettings = {
				ALWAYS_SEARCH_USER_PATHS = NO;
				CLANG_ANALYZER_NONNULL = YES;
				CLANG_ANALYZER_NUMBER_OBJECT_CONVERSION = YES_AGGRESSIVE;
				CLANG_CXX_LANGUAGE_STANDARD = "gnu++14";
				CLANG_CXX_LIBRARY = "libc++";
				CLANG_ENABLE_MODULES = YES;
				CLANG_ENABLE_OBJC_ARC = YES;
				CLANG_ENABLE_OBJC_WEAK = YES;
				CLANG_WARN_BLOCK_CAPTURE_AUTORELEASING = YES;
				CLANG_WARN_BOOL_CONVERSION = YES;
				CLANG_WARN_COMMA = YES;
				CLANG_WARN_CONSTANT_CONVERSION = YES;
				CLANG_WARN_DEPRECATED_OBJC_IMPLEMENTATIONS = YES;
				CLANG_WARN_DIRECT_OBJC_ISA_USAGE = YES_ERROR;
				CLANG_WARN_DOCUMENTATION_COMMENTS = YES;
				CLANG_WARN_EMPTY_BODY = YES;
				CLANG_WARN_ENUM_CONVERSION = YES;
				CLANG_WARN_INFINITE_RECURSION = YES;
				CLANG_WARN_INT_CONVERSION = YES;
				CLANG_WARN_NON_LITERAL_NULL_CONVERSION = YES;
				CLANG_WARN_OBJC_IMPLICIT_RETAIN_SELF = YES;
				CLANG_WARN_OBJC_LITERAL_CONVERSION = YES;
				CLANG_WARN_OBJC_ROOT_CLASS = YES_ERROR;
				CLANG_WARN_RANGE_LOOP_ANALYSIS = YES;
				CLANG_WARN_STRICT_PROTOTYPES = YES;
				CLANG_WARN_SUSPICIOUS_MOVE = YES;
				CLANG_WARN_UNGUARDED_AVAILABILITY = YES_AGGRESSIVE;
				CLANG_WARN_UNREACHABLE_CODE = YES;
				CLANG_WARN__DUPLICATE_METHOD_MATCH = YES;
				CODE_SIGN_IDENTITY = "iPhone Developer";
				COPY_PHASE_STRIP = NO;
				DEBUG_INFORMATION_FORMAT = dwarf;
				ENABLE_STRICT_OBJC_MSGSEND = YES;
				ENABLE_TESTABILITY = YES;
				GCC_C_LANGUAGE_STANDARD = gnu11;
				GCC_DYNAMIC_NO_PIC = NO;
				GCC_NO_COMMON_BLOCKS = YES;
				GCC_OPTIMIZATION_LEVEL = 0;
				GCC_PREPROCESSOR_DEFINITIONS = (
					"DEBUG=1",
					"$(inherited)",
				);
				GCC_WARN_64_TO_32_BIT_CONVERSION = YES;
				GCC_WARN_ABOUT_RETURN_TYPE = YES_ERROR;
				GCC_WARN_UNDECLARED_SELECTOR = YES;
				GCC_WARN_UNINITIALIZED_AUTOS = YES_AGGRESSIVE;
				GCC_WARN_UNUSED_FUNCTION = YES;
				GCC_WARN_UNUSED_VARIABLE = YES;
				IPHONEOS_DEPLOYMENT_TARGET = 11.3;
				MTL_ENABLE_DEBUG_INFO = YES;
				ONLY_ACTIVE_ARCH = YES;
				SDKROOT = iphoneos;
				SWIFT_ACTIVE_COMPILATION_CONDITIONS = DEBUG;
				SWIFT_OPTIMIZATION_LEVEL = "-Onone";
			};
			name = Debug;
		};
		8DF8F1F320E172230076D892 /* Release */ = {
			isa = XCBuildConfiguration;
			buildSettings = {
				ALWAYS_SEARCH_USER_PATHS = NO;
				CLANG_ANALYZER_NONNULL = YES;
				CLANG_ANALYZER_NUMBER_OBJECT_CONVERSION = YES_AGGRESSIVE;
				CLANG_CXX_LANGUAGE_STANDARD = "gnu++14";
				CLANG_CXX_LIBRARY = "libc++";
				CLANG_ENABLE_MODULES = YES;
				CLANG_ENABLE_OBJC_ARC = YES;
				CLANG_ENABLE_OBJC_WEAK = YES;
				CLANG_WARN_BLOCK_CAPTURE_AUTORELEASING = YES;
				CLANG_WARN_BOOL_CONVERSION = YES;
				CLANG_WARN_COMMA = YES;
				CLANG_WARN_CONSTANT_CONVERSION = YES;
				CLANG_WARN_DEPRECATED_OBJC_IMPLEMENTATIONS = YES;
				CLANG_WARN_DIRECT_OBJC_ISA_USAGE = YES_ERROR;
				CLANG_WARN_DOCUMENTATION_COMMENTS = YES;
				CLANG_WARN_EMPTY_BODY = YES;
				CLANG_WARN_ENUM_CONVERSION = YES;
				CLANG_WARN_INFINITE_RECURSION = YES;
				CLANG_WARN_INT_CONVERSION = YES;
				CLANG_WARN_NON_LITERAL_NULL_CONVERSION = YES;
				CLANG_WARN_OBJC_IMPLICIT_RETAIN_SELF = YES;
				CLANG_WARN_OBJC_LITERAL_CONVERSION = YES;
				CLANG_WARN_OBJC_ROOT_CLASS = YES_ERROR;
				CLANG_WARN_RANGE_LOOP_ANALYSIS = YES;
				CLANG_WARN_STRICT_PROTOTYPES = YES;
				CLANG_WARN_SUSPICIOUS_MOVE = YES;
				CLANG_WARN_UNGUARDED_AVAILABILITY = YES_AGGRESSIVE;
				CLANG_WARN_UNREACHABLE_CODE = YES;
				CLANG_WARN__DUPLICATE_METHOD_MATCH = YES;
				CODE_SIGN_IDENTITY = "iPhone Developer";
				COPY_PHASE_STRIP = NO;
				DEBUG_INFORMATION_FORMAT = "dwarf-with-dsym";
				ENABLE_NS_ASSERTIONS = NO;
				ENABLE_STRICT_OBJC_MSGSEND = YES;
				GCC_C_LANGUAGE_STANDARD = gnu11;
				GCC_NO_COMMON_BLOCKS = YES;
				GCC_WARN_64_TO_32_BIT_CONVERSION = YES;
				GCC_WARN_ABOUT_RETURN_TYPE = YES_ERROR;
				GCC_WARN_UNDECLARED_SELECTOR = YES;
				GCC_WARN_UNINITIALIZED_AUTOS = YES_AGGRESSIVE;
				GCC_WARN_UNUSED_FUNCTION = YES;
				GCC_WARN_UNUSED_VARIABLE = YES;
				IPHONEOS_DEPLOYMENT_TARGET = 11.3;
				MTL_ENABLE_DEBUG_INFO = NO;
				SDKROOT = iphoneos;
				SWIFT_COMPILATION_MODE = wholemodule;
				SWIFT_OPTIMIZATION_LEVEL = "-O";
				VALIDATE_PRODUCT = YES;
			};
			name = Release;
		};
		8DF8F1F520E172230076D892 /* Debug */ = {
			isa = XCBuildConfiguration;
			baseConfigurationReference = E81544F32EFDFC5B791DF960 /* Pods-passport-challenge.debug.xcconfig */;
			buildSettings = {
				ASSETCATALOG_COMPILER_APPICON_NAME = AppIcon;
				CODE_SIGN_STYLE = Automatic;
				DEVELOPMENT_TEAM = 4P55FC4B36;
				INFOPLIST_FILE = "passport-challenge/Info.plist";
				LD_RUNPATH_SEARCH_PATHS = (
					"$(inherited)",
					"@executable_path/Frameworks",
				);
				PRODUCT_BUNDLE_IDENTIFIER = "com.clayholt.passport-challenge";
				PRODUCT_NAME = "$(TARGET_NAME)";
				SWIFT_VERSION = 4.0;
				TARGETED_DEVICE_FAMILY = "1,2";
			};
			name = Debug;
		};
		8DF8F1F620E172230076D892 /* Release */ = {
			isa = XCBuildConfiguration;
			baseConfigurationReference = 29F985ECF5DE521C5C0F9742 /* Pods-passport-challenge.release.xcconfig */;
			buildSettings = {
				ASSETCATALOG_COMPILER_APPICON_NAME = AppIcon;
				CODE_SIGN_STYLE = Automatic;
				DEVELOPMENT_TEAM = 4P55FC4B36;
				INFOPLIST_FILE = "passport-challenge/Info.plist";
				LD_RUNPATH_SEARCH_PATHS = (
					"$(inherited)",
					"@executable_path/Frameworks",
				);
				PRODUCT_BUNDLE_IDENTIFIER = "com.clayholt.passport-challenge";
				PRODUCT_NAME = "$(TARGET_NAME)";
				SWIFT_VERSION = 4.0;
				TARGETED_DEVICE_FAMILY = "1,2";
			};
			name = Release;
		};
/* End XCBuildConfiguration section */

/* Begin XCConfigurationList section */
		8DF8F1C720E172200076D892 /* Build configuration list for PBXProject "passport-challenge" */ = {
			isa = XCConfigurationList;
			buildConfigurations = (
				8DF8F1F220E172230076D892 /* Debug */,
				8DF8F1F320E172230076D892 /* Release */,
			);
			defaultConfigurationIsVisible = 0;
			defaultConfigurationName = Release;
		};
		8DF8F1F420E172230076D892 /* Build configuration list for PBXNativeTarget "passport-challenge" */ = {
			isa = XCConfigurationList;
			buildConfigurations = (
				8DF8F1F520E172230076D892 /* Debug */,
				8DF8F1F620E172230076D892 /* Release */,
			);
			defaultConfigurationIsVisible = 0;
			defaultConfigurationName = Release;
		};
/* End XCConfigurationList section */
	};
	rootObject = 8DF8F1C420E172200076D892 /* Project object */;
}
